
Microsoft Visual Studio Solution File, Format Version 12.00
# Visual Studio Version 17
VisualStudioVersion = 17.8.34525.116
MinimumVisualStudioVersion = 10.0.40219.1
Project("{2150E333-8FDC-42A3-9474-1A3956D46DE8}") = "Servies", "Servies", "{3B5756D1-CF43-45CC-8C7B-1A9160BE13E7}"
EndProject
Project("{2150E333-8FDC-42A3-9474-1A3956D46DE8}") = "Catalog", "Catalog", "{2CDF9951-3F30-49FC-8C41-092C049FE0B6}"
EndProject
Project("{FAE04EC0-301F-11D3-BF4B-00C04F79EFBC}") = "MultiShop.Catalog", "Services\Catalog\MultiShop.Catalog\MultiShop.Catalog.csproj", "{3AE4F630-B886-4668-AD7E-E5D9C33EFF39}"
EndProject
Global
	GlobalSection(SolutionConfigurationPlatforms) = preSolution
		Debug|Any CPU = Debug|Any CPU
		Release|Any CPU = Release|Any CPU
	EndGlobalSection
	GlobalSection(ProjectConfigurationPlatforms) = postSolution
		{3AE4F630-B886-4668-AD7E-E5D9C33EFF39}.Debug|Any CPU.ActiveCfg = Debug|Any CPU
		{3AE4F630-B886-4668-AD7E-E5D9C33EFF39}.Debug|Any CPU.Build.0 = Debug|Any CPU
		{3AE4F630-B886-4668-AD7E-E5D9C33EFF39}.Release|Any CPU.ActiveCfg = Release|Any CPU
		{3AE4F630-B886-4668-AD7E-E5D9C33EFF39}.Release|Any CPU.Build.0 = Release|Any CPU
	EndGlobalSection
	GlobalSection(SolutionProperties) = preSolution
		HideSolutionNode = FALSE
	EndGlobalSection
	GlobalSection(NestedProjects) = preSolution
		{2CDF9951-3F30-49FC-8C41-092C049FE0B6} = {3B5756D1-CF43-45CC-8C7B-1A9160BE13E7}
		{3AE4F630-B886-4668-AD7E-E5D9C33EFF39} = {2CDF9951-3F30-49FC-8C41-092C049FE0B6}
	EndGlobalSection
	GlobalSection(ExtensibilityGlobals) = postSolution
		SolutionGuid = {B30953B6-0558-4477-A3B9-5C1C071213DA}
	EndGlobalSection
EndGlobal
