
Microsoft Visual Studio Solution File, Format Version 12.00
# Visual Studio Version 17
VisualStudioVersion = 17.8.34525.116
MinimumVisualStudioVersion = 10.0.40219.1
Project("{2150E333-8FDC-42A3-9474-1A3956D46DE8}") = "Servies", "Servies", "{3B5756D1-CF43-45CC-8C7B-1A9160BE13E7}"
EndProject
Project("{2150E333-8FDC-42A3-9474-1A3956D46DE8}") = "Catalog", "Catalog", "{2CDF9951-3F30-49FC-8C41-092C049FE0B6}"
EndProject
Project("{9A19103F-16F7-4668-BE54-9A1E7A4F7556}") = "MultiShop.Catalog", "Services\Catalog\MultiShop.Catalog\MultiShop.Catalog.csproj", "{3AE4F630-B886-4668-AD7E-E5D9C33EFF39}"
EndProject
Project("{2150E333-8FDC-42A3-9474-1A3956D46DE8}") = "Discount", "Discount", "{4EE6E509-3232-4451-BCDE-93648B9536C4}"
EndProject
Project("{9A19103F-16F7-4668-BE54-9A1E7A4F7556}") = "MultiShop.Discount", "Services\Discount\MultiShop.Discount\MultiShop.Discount.csproj", "{0B6B55BE-960D-4499-81B9-35C441E19B8A}"
EndProject
Project("{2150E333-8FDC-42A3-9474-1A3956D46DE8}") = "Order", "Order", "{8F837109-5F52-4D5B-8A83-A7F5B9E72B7B}"
EndProject
Project("{2150E333-8FDC-42A3-9474-1A3956D46DE8}") = "Core", "Core", "{DA46CCB6-C24B-4F9C-9091-993A02049CCA}"
EndProject
Project("{2150E333-8FDC-42A3-9474-1A3956D46DE8}") = "Infrastructure", "Infrastructure", "{01A5E2D7-0313-406F-AA40-9F39AE1FABA4}"
EndProject
Project("{2150E333-8FDC-42A3-9474-1A3956D46DE8}") = "Presentation", "Presentation", "{F10F4666-B5AC-428E-B424-234AFD602336}"
EndProject
Project("{9A19103F-16F7-4668-BE54-9A1E7A4F7556}") = "MultiShop.Order.Domain", "Services\Order\Core\MultiShop.Order.Domain\MultiShop.Order.Domain.csproj", "{B73AFE15-6F3D-4096-A751-BCD522EA3E46}"
EndProject
Project("{9A19103F-16F7-4668-BE54-9A1E7A4F7556}") = "MultiShop.Order.Application", "Order\Core\MultiShop.Order.Application\MultiShop.Order.Application.csproj", "{30727D1C-E355-4BA0-B50A-6AF38D3A32A4}"
EndProject
Project("{9A19103F-16F7-4668-BE54-9A1E7A4F7556}") = "MultiShop.Order.Persistence", "Order\Infrastructure\MultiShop.Order.Persistence\MultiShop.Order.Persistence.csproj", "{11E7F762-11E8-48E3-BC03-B909266575FE}"
EndProject
Project("{9A19103F-16F7-4668-BE54-9A1E7A4F7556}") = "MultiShop.Order.WebApi", "Order\Presentation\MultiShop.Order.WebApi\MultiShop.Order.WebApi.csproj", "{24F842BA-0F9F-4926-9AB3-16ACB3F75736}"
EndProject
Project("{2150E333-8FDC-42A3-9474-1A3956D46DE8}") = "IdentityServer", "IdentityServer", "{A62C2085-FD20-4F4A-96CB-13DA3941A2F5}"
EndProject
Project("{9A19103F-16F7-4668-BE54-9A1E7A4F7556}") = "MultiShop.IdentityServer", "IdentityServer\MultiShop.IdentityServer\MultiShop.IdentityServer.csproj", "{04DA3CD8-06C0-4E50-B2FE-517A946AB05F}"
EndProject
Project("{2150E333-8FDC-42A3-9474-1A3956D46DE8}") = "Requirements", "Requirements", "{27EB3A8E-3D50-4605-86EC-C28AE1338B5D}"
	ProjectSection(SolutionItems) = preProject
		IdentityServerVersionErrorSolution.txt = IdentityServerVersionErrorSolution.txt
		PortainerCmd.txt = PortainerCmd.txt
		PortNumbers.txt = PortNumbers.txt
	EndProjectSection
EndProject
Project("{2150E333-8FDC-42A3-9474-1A3956D46DE8}") = "Cargo", "Cargo", "{B64F3F21-B533-49A0-A926-2DDD2BA6C1F8}"
EndProject
Project("{9A19103F-16F7-4668-BE54-9A1E7A4F7556}") = "MultiShop.Cargo.EntityLayer", "Services\Cargo\MultiShop.Cargo.EntityLayer\MultiShop.Cargo.EntityLayer.csproj", "{1B1E87B1-2AB1-4647-954A-B0288D9D740B}"
EndProject
Project("{9A19103F-16F7-4668-BE54-9A1E7A4F7556}") = "MultiShop.Cargo.BusinessLayer", "Services\Cargo\MultiShop.Cargo.BusinessLayer\MultiShop.Cargo.BusinessLayer.csproj", "{6322B401-7E28-4E1B-B312-DE5BFA44172C}"
EndProject
Project("{9A19103F-16F7-4668-BE54-9A1E7A4F7556}") = "MultiShop.Cargo.DataAccessLayer", "Services\Cargo\MultiShop.Cargo.DataAccessLayer\MultiShop.Cargo.DataAccessLayer.csproj", "{DF41991F-148E-446E-A623-FDDFAAC200E0}"
EndProject
Project("{9A19103F-16F7-4668-BE54-9A1E7A4F7556}") = "MultiShop.Cargo.DtoLayer", "Services\Cargo\MultiShop.Cargo.DtoLayer\MultiShop.Cargo.DtoLayer.csproj", "{ADB307F6-7484-4239-82C6-B45A1B0785D7}"
EndProject
Project("{9A19103F-16F7-4668-BE54-9A1E7A4F7556}") = "MultiShop.Cargo.WebApi", "Services\Cargo\MultiShop.Cargo.WebApi\MultiShop.Cargo.WebApi.csproj", "{DDBA0F5C-BB25-4FA2-BDEA-2A252BCE3702}"
EndProject
Project("{2150E333-8FDC-42A3-9474-1A3956D46DE8}") = "Basket", "Basket", "{AF315E16-4F36-44D7-8489-E4A3998E487D}"
EndProject
Project("{9A19103F-16F7-4668-BE54-9A1E7A4F7556}") = "MultiShop.Basket", "Services\Basket\MultiShop.Basket\MultiShop.Basket.csproj", "{D176CDED-D80B-4938-B031-3804C457807B}"
EndProject
Project("{2150E333-8FDC-42A3-9474-1A3956D46DE8}") = "Frontends", "Frontends", "{F811D3F0-F80C-43DF-AB8B-CB3FFD3084F5}"
EndProject
Project("{FAE04EC0-301F-11D3-BF4B-00C04F79EFBC}") = "MultiShop.WebUI", "Frontends\MultiShop.WebUI\MultiShop.WebUI.csproj", "{34076C91-20E9-422A-A537-D9D15DBC99E5}"
EndProject
Global
	GlobalSection(SolutionConfigurationPlatforms) = preSolution
		Debug|Any CPU = Debug|Any CPU
		Release|Any CPU = Release|Any CPU
	EndGlobalSection
	GlobalSection(ProjectConfigurationPlatforms) = postSolution
		{3AE4F630-B886-4668-AD7E-E5D9C33EFF39}.Debug|Any CPU.ActiveCfg = Debug|Any CPU
		{3AE4F630-B886-4668-AD7E-E5D9C33EFF39}.Debug|Any CPU.Build.0 = Debug|Any CPU
		{3AE4F630-B886-4668-AD7E-E5D9C33EFF39}.Release|Any CPU.ActiveCfg = Release|Any CPU
		{3AE4F630-B886-4668-AD7E-E5D9C33EFF39}.Release|Any CPU.Build.0 = Release|Any CPU
		{0B6B55BE-960D-4499-81B9-35C441E19B8A}.Debug|Any CPU.ActiveCfg = Debug|Any CPU
		{0B6B55BE-960D-4499-81B9-35C441E19B8A}.Debug|Any CPU.Build.0 = Debug|Any CPU
		{0B6B55BE-960D-4499-81B9-35C441E19B8A}.Release|Any CPU.ActiveCfg = Release|Any CPU
		{0B6B55BE-960D-4499-81B9-35C441E19B8A}.Release|Any CPU.Build.0 = Release|Any CPU
		{B73AFE15-6F3D-4096-A751-BCD522EA3E46}.Debug|Any CPU.ActiveCfg = Debug|Any CPU
		{B73AFE15-6F3D-4096-A751-BCD522EA3E46}.Debug|Any CPU.Build.0 = Debug|Any CPU
		{B73AFE15-6F3D-4096-A751-BCD522EA3E46}.Release|Any CPU.ActiveCfg = Release|Any CPU
		{B73AFE15-6F3D-4096-A751-BCD522EA3E46}.Release|Any CPU.Build.0 = Release|Any CPU
		{30727D1C-E355-4BA0-B50A-6AF38D3A32A4}.Debug|Any CPU.ActiveCfg = Debug|Any CPU
		{30727D1C-E355-4BA0-B50A-6AF38D3A32A4}.Debug|Any CPU.Build.0 = Debug|Any CPU
		{30727D1C-E355-4BA0-B50A-6AF38D3A32A4}.Release|Any CPU.ActiveCfg = Release|Any CPU
		{30727D1C-E355-4BA0-B50A-6AF38D3A32A4}.Release|Any CPU.Build.0 = Release|Any CPU
		{11E7F762-11E8-48E3-BC03-B909266575FE}.Debug|Any CPU.ActiveCfg = Debug|Any CPU
		{11E7F762-11E8-48E3-BC03-B909266575FE}.Debug|Any CPU.Build.0 = Debug|Any CPU
		{11E7F762-11E8-48E3-BC03-B909266575FE}.Release|Any CPU.ActiveCfg = Release|Any CPU
		{11E7F762-11E8-48E3-BC03-B909266575FE}.Release|Any CPU.Build.0 = Release|Any CPU
		{24F842BA-0F9F-4926-9AB3-16ACB3F75736}.Debug|Any CPU.ActiveCfg = Debug|Any CPU
		{24F842BA-0F9F-4926-9AB3-16ACB3F75736}.Debug|Any CPU.Build.0 = Debug|Any CPU
		{24F842BA-0F9F-4926-9AB3-16ACB3F75736}.Release|Any CPU.ActiveCfg = Release|Any CPU
		{24F842BA-0F9F-4926-9AB3-16ACB3F75736}.Release|Any CPU.Build.0 = Release|Any CPU
		{04DA3CD8-06C0-4E50-B2FE-517A946AB05F}.Debug|Any CPU.ActiveCfg = Debug|Any CPU
		{04DA3CD8-06C0-4E50-B2FE-517A946AB05F}.Debug|Any CPU.Build.0 = Debug|Any CPU
		{04DA3CD8-06C0-4E50-B2FE-517A946AB05F}.Release|Any CPU.ActiveCfg = Release|Any CPU
		{04DA3CD8-06C0-4E50-B2FE-517A946AB05F}.Release|Any CPU.Build.0 = Release|Any CPU
		{1B1E87B1-2AB1-4647-954A-B0288D9D740B}.Debug|Any CPU.ActiveCfg = Debug|Any CPU
		{1B1E87B1-2AB1-4647-954A-B0288D9D740B}.Debug|Any CPU.Build.0 = Debug|Any CPU
		{1B1E87B1-2AB1-4647-954A-B0288D9D740B}.Release|Any CPU.ActiveCfg = Release|Any CPU
		{1B1E87B1-2AB1-4647-954A-B0288D9D740B}.Release|Any CPU.Build.0 = Release|Any CPU
		{6322B401-7E28-4E1B-B312-DE5BFA44172C}.Debug|Any CPU.ActiveCfg = Debug|Any CPU
		{6322B401-7E28-4E1B-B312-DE5BFA44172C}.Debug|Any CPU.Build.0 = Debug|Any CPU
		{6322B401-7E28-4E1B-B312-DE5BFA44172C}.Release|Any CPU.ActiveCfg = Release|Any CPU
		{6322B401-7E28-4E1B-B312-DE5BFA44172C}.Release|Any CPU.Build.0 = Release|Any CPU
		{DF41991F-148E-446E-A623-FDDFAAC200E0}.Debug|Any CPU.ActiveCfg = Debug|Any CPU
		{DF41991F-148E-446E-A623-FDDFAAC200E0}.Debug|Any CPU.Build.0 = Debug|Any CPU
		{DF41991F-148E-446E-A623-FDDFAAC200E0}.Release|Any CPU.ActiveCfg = Release|Any CPU
		{DF41991F-148E-446E-A623-FDDFAAC200E0}.Release|Any CPU.Build.0 = Release|Any CPU
		{ADB307F6-7484-4239-82C6-B45A1B0785D7}.Debug|Any CPU.ActiveCfg = Debug|Any CPU
		{ADB307F6-7484-4239-82C6-B45A1B0785D7}.Debug|Any CPU.Build.0 = Debug|Any CPU
		{ADB307F6-7484-4239-82C6-B45A1B0785D7}.Release|Any CPU.ActiveCfg = Release|Any CPU
		{ADB307F6-7484-4239-82C6-B45A1B0785D7}.Release|Any CPU.Build.0 = Release|Any CPU
		{DDBA0F5C-BB25-4FA2-BDEA-2A252BCE3702}.Debug|Any CPU.ActiveCfg = Debug|Any CPU
		{DDBA0F5C-BB25-4FA2-BDEA-2A252BCE3702}.Debug|Any CPU.Build.0 = Debug|Any CPU
		{DDBA0F5C-BB25-4FA2-BDEA-2A252BCE3702}.Release|Any CPU.ActiveCfg = Release|Any CPU
		{DDBA0F5C-BB25-4FA2-BDEA-2A252BCE3702}.Release|Any CPU.Build.0 = Release|Any CPU
		{D176CDED-D80B-4938-B031-3804C457807B}.Debug|Any CPU.ActiveCfg = Debug|Any CPU
		{D176CDED-D80B-4938-B031-3804C457807B}.Debug|Any CPU.Build.0 = Debug|Any CPU
		{D176CDED-D80B-4938-B031-3804C457807B}.Release|Any CPU.ActiveCfg = Release|Any CPU
		{D176CDED-D80B-4938-B031-3804C457807B}.Release|Any CPU.Build.0 = Release|Any CPU
		{34076C91-20E9-422A-A537-D9D15DBC99E5}.Debug|Any CPU.ActiveCfg = Debug|Any CPU
		{34076C91-20E9-422A-A537-D9D15DBC99E5}.Debug|Any CPU.Build.0 = Debug|Any CPU
		{34076C91-20E9-422A-A537-D9D15DBC99E5}.Release|Any CPU.ActiveCfg = Release|Any CPU
		{34076C91-20E9-422A-A537-D9D15DBC99E5}.Release|Any CPU.Build.0 = Release|Any CPU
	EndGlobalSection
	GlobalSection(SolutionProperties) = preSolution
		HideSolutionNode = FALSE
	EndGlobalSection
	GlobalSection(NestedProjects) = preSolution
		{2CDF9951-3F30-49FC-8C41-092C049FE0B6} = {3B5756D1-CF43-45CC-8C7B-1A9160BE13E7}
		{3AE4F630-B886-4668-AD7E-E5D9C33EFF39} = {2CDF9951-3F30-49FC-8C41-092C049FE0B6}
		{4EE6E509-3232-4451-BCDE-93648B9536C4} = {3B5756D1-CF43-45CC-8C7B-1A9160BE13E7}
		{0B6B55BE-960D-4499-81B9-35C441E19B8A} = {4EE6E509-3232-4451-BCDE-93648B9536C4}
		{8F837109-5F52-4D5B-8A83-A7F5B9E72B7B} = {3B5756D1-CF43-45CC-8C7B-1A9160BE13E7}
		{DA46CCB6-C24B-4F9C-9091-993A02049CCA} = {8F837109-5F52-4D5B-8A83-A7F5B9E72B7B}
		{01A5E2D7-0313-406F-AA40-9F39AE1FABA4} = {8F837109-5F52-4D5B-8A83-A7F5B9E72B7B}
		{F10F4666-B5AC-428E-B424-234AFD602336} = {8F837109-5F52-4D5B-8A83-A7F5B9E72B7B}
		{B73AFE15-6F3D-4096-A751-BCD522EA3E46} = {DA46CCB6-C24B-4F9C-9091-993A02049CCA}
		{30727D1C-E355-4BA0-B50A-6AF38D3A32A4} = {DA46CCB6-C24B-4F9C-9091-993A02049CCA}
		{11E7F762-11E8-48E3-BC03-B909266575FE} = {01A5E2D7-0313-406F-AA40-9F39AE1FABA4}
		{24F842BA-0F9F-4926-9AB3-16ACB3F75736} = {F10F4666-B5AC-428E-B424-234AFD602336}
		{04DA3CD8-06C0-4E50-B2FE-517A946AB05F} = {A62C2085-FD20-4F4A-96CB-13DA3941A2F5}
		{B64F3F21-B533-49A0-A926-2DDD2BA6C1F8} = {3B5756D1-CF43-45CC-8C7B-1A9160BE13E7}
		{1B1E87B1-2AB1-4647-954A-B0288D9D740B} = {B64F3F21-B533-49A0-A926-2DDD2BA6C1F8}
		{6322B401-7E28-4E1B-B312-DE5BFA44172C} = {B64F3F21-B533-49A0-A926-2DDD2BA6C1F8}
		{DF41991F-148E-446E-A623-FDDFAAC200E0} = {B64F3F21-B533-49A0-A926-2DDD2BA6C1F8}
		{ADB307F6-7484-4239-82C6-B45A1B0785D7} = {B64F3F21-B533-49A0-A926-2DDD2BA6C1F8}
		{DDBA0F5C-BB25-4FA2-BDEA-2A252BCE3702} = {B64F3F21-B533-49A0-A926-2DDD2BA6C1F8}
		{AF315E16-4F36-44D7-8489-E4A3998E487D} = {3B5756D1-CF43-45CC-8C7B-1A9160BE13E7}
		{D176CDED-D80B-4938-B031-3804C457807B} = {AF315E16-4F36-44D7-8489-E4A3998E487D}
		{34076C91-20E9-422A-A537-D9D15DBC99E5} = {F811D3F0-F80C-43DF-AB8B-CB3FFD3084F5}
	EndGlobalSection
	GlobalSection(ExtensibilityGlobals) = postSolution
		SolutionGuid = {B30953B6-0558-4477-A3B9-5C1C071213DA}
	EndGlobalSection
EndGlobal
